
Microsoft Visual Studio Solution File, Format Version 12.00
# Visual Studio Version 17
VisualStudioVersion = 17.3.32811.315
MinimumVisualStudioVersion = 10.0.40219.1
Project("{8BC9CEB8-8B4A-11D0-8D11-00A0C91BC942}") = "学习", "学习\学习.vcxproj", "{2DB57947-BB80-434A-8008-B17C2F3889CA}"
EndProject
Global
	GlobalSection(SolutionConfigurationPlatforms) = preSolution
		Debug|x64 = Debug|x64
		Debug|x86 = Debug|x86
		Release|x64 = Release|x64
		Release|x86 = Release|x86
	EndGlobalSection
	GlobalSection(ProjectConfigurationPlatforms) = postSolution
		{2DB57947-BB80-434A-8008-B17C2F3889CA}.Debug|x64.ActiveCfg = Debug|x64
		{2DB57947-BB80-434A-8008-B17C2F3889CA}.Debug|x64.Build.0 = Debug|x64
		{2DB57947-BB80-434A-8008-B17C2F3889CA}.Debug|x86.ActiveCfg = Debug|Win32
		{2DB57947-BB80-434A-8008-B17C2F3889CA}.Debug|x86.Build.0 = Debug|Win32
		{2DB57947-BB80-434A-8008-B17C2F3889CA}.Release|x64.ActiveCfg = Release|x64
		{2DB57947-BB80-434A-8008-B17C2F3889CA}.Release|x64.Build.0 = Release|x64
		{2DB57947-BB80-434A-8008-B17C2F3889CA}.Release|x86.ActiveCfg = Release|Win32
		{2DB57947-BB80-434A-8008-B17C2F3889CA}.Release|x86.Build.0 = Release|Win32
	EndGlobalSection
	GlobalSection(SolutionProperties) = preSolution
		HideSolutionNode = FALSE
	EndGlobalSection
	GlobalSection(ExtensibilityGlobals) = postSolution
		SolutionGuid = {9216A61C-F18E-4E1C-B739-57E680B170AF}
	EndGlobalSection
EndGlobal
